
Microsoft Visual Studio Solution File, Format Version 12.00
# Visual Studio Version 16
VisualStudioVersion = 16.0.29613.14
MinimumVisualStudioVersion = 10.0.40219.1
Project("{FAE04EC0-301F-11D3-BF4B-00C04F79EFBC}") = "BlazorBlogOfPiGettingStarted", "BlazorBlogOfPiGettingStarted.csproj", "{D6DF1AA2-46EE-47F4-ACEC-9E8C48222D77}"
EndProject
Global
	GlobalSection(SolutionConfigurationPlatforms) = preSolution
		Debug|Any CPU = Debug|Any CPU
		Release|Any CPU = Release|Any CPU
	EndGlobalSection
	GlobalSection(ProjectConfigurationPlatforms) = postSolution
		{D6DF1AA2-46EE-47F4-ACEC-9E8C48222D77}.Debug|Any CPU.ActiveCfg = Debug|Any CPU
		{D6DF1AA2-46EE-47F4-ACEC-9E8C48222D77}.Debug|Any CPU.Build.0 = Debug|Any CPU
		{D6DF1AA2-46EE-47F4-ACEC-9E8C48222D77}.Release|Any CPU.ActiveCfg = Release|Any CPU
		{D6DF1AA2-46EE-47F4-ACEC-9E8C48222D77}.Release|Any CPU.Build.0 = Release|Any CPU
	EndGlobalSection
	GlobalSection(SolutionProperties) = preSolution
		HideSolutionNode = FALSE
	EndGlobalSection
	GlobalSection(ExtensibilityGlobals) = postSolution
		SolutionGuid = {456773A1-48D7-45A8-8328-9BD04076C48C}
	EndGlobalSection
EndGlobal
